
Microsoft Visual Studio Solution File, Format Version 12.00
# Visual Studio 15
VisualStudioVersion = 15.0.28307.489
MinimumVisualStudioVersion = 10.0.40219.1
Project("{FAE04EC0-301F-11D3-BF4B-00C04F79EFBC}") = "Physics.Test.UI.OpenGL", "Physics.Test.UI.OpenGL\Physics.Test.UI.OpenGL.csproj", "{FCF8054E-FD40-43A6-8FF9-E01C51B6D8A1}"
EndProject
Project("{FAE04EC0-301F-11D3-BF4B-00C04F79EFBC}") = "Physics.Test.UI.Forms", "Physics.Test.UI.Forms\Physics.Test.UI.Forms.csproj", "{6C760C54-6934-48F1-B2A2-C1C2CA595750}"
EndProject
Project("{FAE04EC0-301F-11D3-BF4B-00C04F79EFBC}") = "Demos.AI", "Demos.AI\Demos.AI.csproj", "{7BA0BE40-F229-4E68-8F99-799F8D3F7618}"
EndProject
Project("{2150E333-8FDC-42A3-9474-1A3956D46DE8}") = "Assets", "Assets", "{0610A2D2-F534-4084-870D-C77411C358C8}"
	ProjectSection(SolutionItems) = preProject
		Workspace\CreateModel.py = Workspace\CreateModel.py
	EndProjectSection
EndProject
Project("{2150E333-8FDC-42A3-9474-1A3956D46DE8}") = "TicTacToe.Perceptron", "TicTacToe.Perceptron", "{70EEE669-B0B4-4577-A1FF-D47F95353F87}"
EndProject
Project("{2150E333-8FDC-42A3-9474-1A3956D46DE8}") = "TrainData", "TrainData", "{3BD7FD87-301A-4CB6-819B-7C9CAFC11603}"
	ProjectSection(SolutionItems) = preProject
		Workspace\Perceptron.TicTacToe\TrainData\Default.txt = Workspace\Perceptron.TicTacToe\TrainData\Default.txt
	EndProjectSection
EndProject
Project("{2150E333-8FDC-42A3-9474-1A3956D46DE8}") = "Networks", "Networks", "{F2A0FDB9-798A-42A6-A3EA-913C17AE5644}"
EndProject
Project("{2150E333-8FDC-42A3-9474-1A3956D46DE8}") = "TicTacToe.NeuralNetwork", "TicTacToe.NeuralNetwork", "{1C9C3525-F67F-4BE0-8826-F0ADA83B8125}"
EndProject
Project("{2150E333-8FDC-42A3-9474-1A3956D46DE8}") = "TrainData", "TrainData", "{20786789-4E35-4AB3-9091-B280E92B0574}"
	ProjectSection(SolutionItems) = preProject
		Workspace\TicTacToe.NeuralNetwork\TrainData\Default.txt = Workspace\TicTacToe.NeuralNetwork\TrainData\Default.txt
		Workspace\TicTacToe.NeuralNetwork\TrainData\Game.txt = Workspace\TicTacToe.NeuralNetwork\TrainData\Game.txt
	EndProjectSection
EndProject
Project("{2150E333-8FDC-42A3-9474-1A3956D46DE8}") = "Networks", "Networks", "{FE354AA1-1D89-4907-B225-E6E57B0BD02E}"
	ProjectSection(SolutionItems) = preProject
		Workspace\TicTacToe.NeuralNetwork\Networks\DrawThemself.txt = Workspace\TicTacToe.NeuralNetwork\Networks\DrawThemself.txt
		Workspace\TicTacToe.NeuralNetwork\Networks\Empty.txt = Workspace\TicTacToe.NeuralNetwork\Networks\Empty.txt
		Workspace\TicTacToe.NeuralNetwork\Networks\Game.txt = Workspace\TicTacToe.NeuralNetwork\Networks\Game.txt
	EndProjectSection
EndProject
Project("{9A19103F-16F7-4668-BE54-9A1E7A4F7556}") = "AI.NeuralNetworks.MLNet", "AI.NeuralNetworks.MLNet\AI.NeuralNetworks.MLNet.csproj", "{062176BE-B4BC-4F65-8B1B-140EF00489B8}"
EndProject
Project("{FAE04EC0-301F-11D3-BF4B-00C04F79EFBC}") = "Demos.AI.Forms", "Demos.AI.Forms\Demos.AI.Forms.csproj", "{3EC473C3-A711-409E-BB44-92187DDB1239}"
EndProject
Project("{9A19103F-16F7-4668-BE54-9A1E7A4F7556}") = "Games", "Games\Games.csproj", "{965829BB-0A45-44C9-B9B3-DF83A38C9DFC}"
EndProject
Project("{9A19103F-16F7-4668-BE54-9A1E7A4F7556}") = "AI.NeuralNetworks", "AI.NeuralNetworks\AI.NeuralNetworks.csproj", "{16367DB7-692C-4484-AC86-06B476846175}"
EndProject
Project("{9A19103F-16F7-4668-BE54-9A1E7A4F7556}") = "AI.NeuralNetworks.Keras", "AI.NeuralNetworks.Keras\AI.NeuralNetworks.Keras.csproj", "{46173EB6-15DD-45BF-ACFA-F5AE7F79685B}"
EndProject
Project("{FAE04EC0-301F-11D3-BF4B-00C04F79EFBC}") = "Demos.AI.NeuralNetworks.TicTacToe", "Demos.AI.NeuralNetworks.TicTacToe\Demos.AI.NeuralNetworks.TicTacToe.csproj", "{233297C2-8DED-445D-9062-25D36FB7C4F9}"
EndProject
Project("{FAE04EC0-301F-11D3-BF4B-00C04F79EFBC}") = "Demos.AI.NeuralNetworks", "Demos.AI.NeuralNetworks\Demos.AI.NeuralNetworks.csproj", "{C98D1225-1D8E-43F3-A0BC-724A5BEEA218}"
EndProject
Project("{9A19103F-16F7-4668-BE54-9A1E7A4F7556}") = "AI", "AI\AI.csproj", "{C0549974-49FA-4548-B8C6-7A9061240F76}"
EndProject
Global
	GlobalSection(SolutionConfigurationPlatforms) = preSolution
		Debug|Any CPU = Debug|Any CPU
		Release|Any CPU = Release|Any CPU
	EndGlobalSection
	GlobalSection(ProjectConfigurationPlatforms) = postSolution
		{FCF8054E-FD40-43A6-8FF9-E01C51B6D8A1}.Debug|Any CPU.ActiveCfg = Debug|Any CPU
		{FCF8054E-FD40-43A6-8FF9-E01C51B6D8A1}.Debug|Any CPU.Build.0 = Debug|Any CPU
		{FCF8054E-FD40-43A6-8FF9-E01C51B6D8A1}.Release|Any CPU.ActiveCfg = Release|Any CPU
		{FCF8054E-FD40-43A6-8FF9-E01C51B6D8A1}.Release|Any CPU.Build.0 = Release|Any CPU
		{6C760C54-6934-48F1-B2A2-C1C2CA595750}.Debug|Any CPU.ActiveCfg = Debug|Any CPU
		{6C760C54-6934-48F1-B2A2-C1C2CA595750}.Debug|Any CPU.Build.0 = Debug|Any CPU
		{6C760C54-6934-48F1-B2A2-C1C2CA595750}.Release|Any CPU.ActiveCfg = Release|Any CPU
		{6C760C54-6934-48F1-B2A2-C1C2CA595750}.Release|Any CPU.Build.0 = Release|Any CPU
		{7BA0BE40-F229-4E68-8F99-799F8D3F7618}.Debug|Any CPU.ActiveCfg = Debug|Any CPU
		{7BA0BE40-F229-4E68-8F99-799F8D3F7618}.Debug|Any CPU.Build.0 = Debug|Any CPU
		{7BA0BE40-F229-4E68-8F99-799F8D3F7618}.Release|Any CPU.ActiveCfg = Release|Any CPU
		{7BA0BE40-F229-4E68-8F99-799F8D3F7618}.Release|Any CPU.Build.0 = Release|Any CPU
		{062176BE-B4BC-4F65-8B1B-140EF00489B8}.Debug|Any CPU.ActiveCfg = Debug|Any CPU
		{062176BE-B4BC-4F65-8B1B-140EF00489B8}.Debug|Any CPU.Build.0 = Debug|Any CPU
		{062176BE-B4BC-4F65-8B1B-140EF00489B8}.Release|Any CPU.ActiveCfg = Release|Any CPU
		{062176BE-B4BC-4F65-8B1B-140EF00489B8}.Release|Any CPU.Build.0 = Release|Any CPU
		{3EC473C3-A711-409E-BB44-92187DDB1239}.Debug|Any CPU.ActiveCfg = Debug|Any CPU
		{3EC473C3-A711-409E-BB44-92187DDB1239}.Debug|Any CPU.Build.0 = Debug|Any CPU
		{3EC473C3-A711-409E-BB44-92187DDB1239}.Release|Any CPU.ActiveCfg = Release|Any CPU
		{3EC473C3-A711-409E-BB44-92187DDB1239}.Release|Any CPU.Build.0 = Release|Any CPU
		{965829BB-0A45-44C9-B9B3-DF83A38C9DFC}.Debug|Any CPU.ActiveCfg = Debug|Any CPU
		{965829BB-0A45-44C9-B9B3-DF83A38C9DFC}.Debug|Any CPU.Build.0 = Debug|Any CPU
		{965829BB-0A45-44C9-B9B3-DF83A38C9DFC}.Release|Any CPU.ActiveCfg = Release|Any CPU
		{965829BB-0A45-44C9-B9B3-DF83A38C9DFC}.Release|Any CPU.Build.0 = Release|Any CPU
		{16367DB7-692C-4484-AC86-06B476846175}.Debug|Any CPU.ActiveCfg = Debug|Any CPU
		{16367DB7-692C-4484-AC86-06B476846175}.Debug|Any CPU.Build.0 = Debug|Any CPU
		{16367DB7-692C-4484-AC86-06B476846175}.Release|Any CPU.ActiveCfg = Release|Any CPU
		{16367DB7-692C-4484-AC86-06B476846175}.Release|Any CPU.Build.0 = Release|Any CPU
		{46173EB6-15DD-45BF-ACFA-F5AE7F79685B}.Debug|Any CPU.ActiveCfg = Debug|Any CPU
		{46173EB6-15DD-45BF-ACFA-F5AE7F79685B}.Debug|Any CPU.Build.0 = Debug|Any CPU
		{46173EB6-15DD-45BF-ACFA-F5AE7F79685B}.Release|Any CPU.ActiveCfg = Release|Any CPU
		{46173EB6-15DD-45BF-ACFA-F5AE7F79685B}.Release|Any CPU.Build.0 = Release|Any CPU
		{233297C2-8DED-445D-9062-25D36FB7C4F9}.Debug|Any CPU.ActiveCfg = Debug|Any CPU
		{233297C2-8DED-445D-9062-25D36FB7C4F9}.Debug|Any CPU.Build.0 = Debug|Any CPU
		{233297C2-8DED-445D-9062-25D36FB7C4F9}.Release|Any CPU.ActiveCfg = Release|Any CPU
		{233297C2-8DED-445D-9062-25D36FB7C4F9}.Release|Any CPU.Build.0 = Release|Any CPU
		{C98D1225-1D8E-43F3-A0BC-724A5BEEA218}.Debug|Any CPU.ActiveCfg = Debug|Any CPU
		{C98D1225-1D8E-43F3-A0BC-724A5BEEA218}.Debug|Any CPU.Build.0 = Debug|Any CPU
		{C98D1225-1D8E-43F3-A0BC-724A5BEEA218}.Release|Any CPU.ActiveCfg = Release|Any CPU
		{C98D1225-1D8E-43F3-A0BC-724A5BEEA218}.Release|Any CPU.Build.0 = Release|Any CPU
		{C0549974-49FA-4548-B8C6-7A9061240F76}.Debug|Any CPU.ActiveCfg = Debug|Any CPU
		{C0549974-49FA-4548-B8C6-7A9061240F76}.Debug|Any CPU.Build.0 = Debug|Any CPU
		{C0549974-49FA-4548-B8C6-7A9061240F76}.Release|Any CPU.ActiveCfg = Release|Any CPU
		{C0549974-49FA-4548-B8C6-7A9061240F76}.Release|Any CPU.Build.0 = Release|Any CPU
	EndGlobalSection
	GlobalSection(SolutionProperties) = preSolution
		HideSolutionNode = FALSE
	EndGlobalSection
	GlobalSection(NestedProjects) = preSolution
		{70EEE669-B0B4-4577-A1FF-D47F95353F87} = {0610A2D2-F534-4084-870D-C77411C358C8}
		{3BD7FD87-301A-4CB6-819B-7C9CAFC11603} = {70EEE669-B0B4-4577-A1FF-D47F95353F87}
		{F2A0FDB9-798A-42A6-A3EA-913C17AE5644} = {70EEE669-B0B4-4577-A1FF-D47F95353F87}
		{1C9C3525-F67F-4BE0-8826-F0ADA83B8125} = {0610A2D2-F534-4084-870D-C77411C358C8}
		{20786789-4E35-4AB3-9091-B280E92B0574} = {1C9C3525-F67F-4BE0-8826-F0ADA83B8125}
		{FE354AA1-1D89-4907-B225-E6E57B0BD02E} = {1C9C3525-F67F-4BE0-8826-F0ADA83B8125}
	EndGlobalSection
	GlobalSection(ExtensibilityGlobals) = postSolution
		SolutionGuid = {F117A375-DD19-4D45-B235-3B83F162D15D}
	EndGlobalSection
EndGlobal
